
Microsoft Visual Studio Solution File, Format Version 12.00
# Visual Studio 2012
Project("{FAE04EC0-301F-11D3-BF4B-00C04F79EFBC}") = "MVCWebTest", "MVCWebTest\MVCWebTest.csproj", "{4CA5A698-EA99-44F3-A16C-B09C3CB42E95}"
EndProject
Project("{FAE04EC0-301F-11D3-BF4B-00C04F79EFBC}") = "NRedisSessionProvider", "NRedisSessionProvider\NRedisSessionProvider.csproj", "{1D22E912-A1B8-45B7-811F-A1441CDB3F33}"
EndProject
Global
	GlobalSection(SolutionConfigurationPlatforms) = preSolution
		Debug|Any CPU = Debug|Any CPU
		Release|Any CPU = Release|Any CPU
	EndGlobalSection
	GlobalSection(ProjectConfigurationPlatforms) = postSolution
		{4CA5A698-EA99-44F3-A16C-B09C3CB42E95}.Debug|Any CPU.ActiveCfg = Debug|Any CPU
		{4CA5A698-EA99-44F3-A16C-B09C3CB42E95}.Debug|Any CPU.Build.0 = Debug|Any CPU
		{4CA5A698-EA99-44F3-A16C-B09C3CB42E95}.Release|Any CPU.ActiveCfg = Release|Any CPU
		{4CA5A698-EA99-44F3-A16C-B09C3CB42E95}.Release|Any CPU.Build.0 = Release|Any CPU
		{1D22E912-A1B8-45B7-811F-A1441CDB3F33}.Debug|Any CPU.ActiveCfg = Debug|Any CPU
		{1D22E912-A1B8-45B7-811F-A1441CDB3F33}.Debug|Any CPU.Build.0 = Debug|Any CPU
		{1D22E912-A1B8-45B7-811F-A1441CDB3F33}.Release|Any CPU.ActiveCfg = Release|Any CPU
		{1D22E912-A1B8-45B7-811F-A1441CDB3F33}.Release|Any CPU.Build.0 = Release|Any CPU
	EndGlobalSection
EndGlobal
